
Microsoft Visual Studio Solution File, Format Version 12.00
# Visual Studio Version 17
VisualStudioVersion = 17.0.32112.339
MinimumVisualStudioVersion = 10.0.40219.1
Project("{9A19103F-16F7-4668-BE54-9A1E7A4F7556}") = "CandySugar", "CandySugar\CandySugar.csproj", "{72257093-EDAA-470E-A5C3-819D7AB090B4}"
EndProject
Project("{9A19103F-16F7-4668-BE54-9A1E7A4F7556}") = "CandySugar.Upgrade", "CandySugar.Upgrade\CandySugar.Upgrade.csproj", "{8B6EA520-F36B-4DFD-93E7-4EF9C02F9922}"
EndProject
Project("{9A19103F-16F7-4668-BE54-9A1E7A4F7556}") = "CandySugar.Core", "CandySugar.Core\CandySugar.Core.csproj", "{E7CED6B2-0EA0-4D15-8C82-8347A4512A64}"
EndProject
Project("{9A19103F-16F7-4668-BE54-9A1E7A4F7556}") = "CandySugar.Common", "CandySugar.Common\CandySugar.Common.csproj", "{841B9D54-BB71-405D-82A3-490470764425}"
EndProject
Project("{9A19103F-16F7-4668-BE54-9A1E7A4F7556}") = "CandySugar.Controls", "CandySugar.Controls\CandySugar.Controls.csproj", "{6AA55027-58BD-458C-8DBA-8191EF975EC3}"
EndProject
Project("{2150E333-8FDC-42A3-9474-1A3956D46DE8}") = "Solution Items", "Solution Items", "{A803EE8C-57C2-4EB0-8377-8596521D37D2}"
	ProjectSection(SolutionItems) = preProject
		.editorconfig = .editorconfig
	EndProjectSection
EndProject
Project("{FAE04EC0-301F-11D3-BF4B-00C04F79EFBC}") = "CandySugar.Resource", "CandySugar.Resource\CandySugar.Resource.csproj", "{715C4906-45E9-4984-9CF6-6DB4DF787EE2}"
EndProject
Global
	GlobalSection(SolutionConfigurationPlatforms) = preSolution
		Debug|Any CPU = Debug|Any CPU
		Release|Any CPU = Release|Any CPU
	EndGlobalSection
	GlobalSection(ProjectConfigurationPlatforms) = postSolution
		{72257093-EDAA-470E-A5C3-819D7AB090B4}.Debug|Any CPU.ActiveCfg = Debug|Any CPU
		{72257093-EDAA-470E-A5C3-819D7AB090B4}.Debug|Any CPU.Build.0 = Debug|Any CPU
		{72257093-EDAA-470E-A5C3-819D7AB090B4}.Release|Any CPU.ActiveCfg = Release|Any CPU
		{72257093-EDAA-470E-A5C3-819D7AB090B4}.Release|Any CPU.Build.0 = Release|Any CPU
		{8B6EA520-F36B-4DFD-93E7-4EF9C02F9922}.Debug|Any CPU.ActiveCfg = Debug|Any CPU
		{8B6EA520-F36B-4DFD-93E7-4EF9C02F9922}.Debug|Any CPU.Build.0 = Debug|Any CPU
		{8B6EA520-F36B-4DFD-93E7-4EF9C02F9922}.Release|Any CPU.ActiveCfg = Release|Any CPU
		{8B6EA520-F36B-4DFD-93E7-4EF9C02F9922}.Release|Any CPU.Build.0 = Release|Any CPU
		{E7CED6B2-0EA0-4D15-8C82-8347A4512A64}.Debug|Any CPU.ActiveCfg = Debug|Any CPU
		{E7CED6B2-0EA0-4D15-8C82-8347A4512A64}.Debug|Any CPU.Build.0 = Debug|Any CPU
		{E7CED6B2-0EA0-4D15-8C82-8347A4512A64}.Release|Any CPU.ActiveCfg = Release|Any CPU
		{E7CED6B2-0EA0-4D15-8C82-8347A4512A64}.Release|Any CPU.Build.0 = Release|Any CPU
		{841B9D54-BB71-405D-82A3-490470764425}.Debug|Any CPU.ActiveCfg = Debug|Any CPU
		{841B9D54-BB71-405D-82A3-490470764425}.Debug|Any CPU.Build.0 = Debug|Any CPU
		{841B9D54-BB71-405D-82A3-490470764425}.Release|Any CPU.ActiveCfg = Release|Any CPU
		{841B9D54-BB71-405D-82A3-490470764425}.Release|Any CPU.Build.0 = Release|Any CPU
		{6AA55027-58BD-458C-8DBA-8191EF975EC3}.Debug|Any CPU.ActiveCfg = Debug|Any CPU
		{6AA55027-58BD-458C-8DBA-8191EF975EC3}.Debug|Any CPU.Build.0 = Debug|Any CPU
		{6AA55027-58BD-458C-8DBA-8191EF975EC3}.Release|Any CPU.ActiveCfg = Release|Any CPU
		{6AA55027-58BD-458C-8DBA-8191EF975EC3}.Release|Any CPU.Build.0 = Release|Any CPU
		{715C4906-45E9-4984-9CF6-6DB4DF787EE2}.Debug|Any CPU.ActiveCfg = Debug|Any CPU
		{715C4906-45E9-4984-9CF6-6DB4DF787EE2}.Debug|Any CPU.Build.0 = Debug|Any CPU
		{715C4906-45E9-4984-9CF6-6DB4DF787EE2}.Release|Any CPU.ActiveCfg = Release|Any CPU
		{715C4906-45E9-4984-9CF6-6DB4DF787EE2}.Release|Any CPU.Build.0 = Release|Any CPU
	EndGlobalSection
	GlobalSection(SolutionProperties) = preSolution
		HideSolutionNode = FALSE
	EndGlobalSection
	GlobalSection(ExtensibilityGlobals) = postSolution
		SolutionGuid = {DBDAE5C3-9B93-4701-ADAB-60C595626BE6}
	EndGlobalSection
EndGlobal
