
Microsoft Visual Studio Solution File, Format Version 12.00
# Visual Studio Version 17
VisualStudioVersion = 17.2.32427.441
MinimumVisualStudioVersion = 10.0.40219.1
Project("{2150E333-8FDC-42A3-9474-1A3956D46DE8}") = "混合端", "混合端", "{639B3FB8-4E30-4507-8FE9-0B323FC642D7}"
EndProject
Project("{2150E333-8FDC-42A3-9474-1A3956D46DE8}") = "控件", "控件", "{82AE9FEE-3807-4AFA-BFE4-923FFEB9BE5D}"
EndProject
Project("{2150E333-8FDC-42A3-9474-1A3956D46DE8}") = "启动项", "启动项", "{8E394090-6647-49CE-B752-5F198F1381F5}"
EndProject
Project("{9A19103F-16F7-4668-BE54-9A1E7A4F7556}") = "CandySugar.Mix.Controls", "MixPlatform\CandySugar.Mix.Controls\CandySugar.Mix.Controls.csproj", "{95092AE0-CCF3-4F09-8D83-60499A17EB77}"
EndProject
Project("{9A19103F-16F7-4668-BE54-9A1E7A4F7556}") = "CandySugar.MixUI", "MixPlatform\CandySugar.MixUI\CandySugar.MixUI.csproj", "{81FD17CE-024C-41E6-9A75-5BCA8E863366}"
EndProject
Global
	GlobalSection(SolutionConfigurationPlatforms) = preSolution
		Debug|Any CPU = Debug|Any CPU
		Release|Any CPU = Release|Any CPU
	EndGlobalSection
	GlobalSection(ProjectConfigurationPlatforms) = postSolution
		{95092AE0-CCF3-4F09-8D83-60499A17EB77}.Debug|Any CPU.ActiveCfg = Debug|Any CPU
		{95092AE0-CCF3-4F09-8D83-60499A17EB77}.Debug|Any CPU.Build.0 = Debug|Any CPU
		{95092AE0-CCF3-4F09-8D83-60499A17EB77}.Release|Any CPU.ActiveCfg = Release|Any CPU
		{95092AE0-CCF3-4F09-8D83-60499A17EB77}.Release|Any CPU.Build.0 = Release|Any CPU
		{81FD17CE-024C-41E6-9A75-5BCA8E863366}.Debug|Any CPU.ActiveCfg = Debug|Any CPU
		{81FD17CE-024C-41E6-9A75-5BCA8E863366}.Debug|Any CPU.Build.0 = Debug|Any CPU
		{81FD17CE-024C-41E6-9A75-5BCA8E863366}.Debug|Any CPU.Deploy.0 = Debug|Any CPU
		{81FD17CE-024C-41E6-9A75-5BCA8E863366}.Release|Any CPU.ActiveCfg = Release|Any CPU
		{81FD17CE-024C-41E6-9A75-5BCA8E863366}.Release|Any CPU.Build.0 = Release|Any CPU
		{81FD17CE-024C-41E6-9A75-5BCA8E863366}.Release|Any CPU.Deploy.0 = Release|Any CPU
	EndGlobalSection
	GlobalSection(SolutionProperties) = preSolution
		HideSolutionNode = FALSE
	EndGlobalSection
	GlobalSection(NestedProjects) = preSolution
		{82AE9FEE-3807-4AFA-BFE4-923FFEB9BE5D} = {639B3FB8-4E30-4507-8FE9-0B323FC642D7}
		{8E394090-6647-49CE-B752-5F198F1381F5} = {639B3FB8-4E30-4507-8FE9-0B323FC642D7}
		{95092AE0-CCF3-4F09-8D83-60499A17EB77} = {82AE9FEE-3807-4AFA-BFE4-923FFEB9BE5D}
		{81FD17CE-024C-41E6-9A75-5BCA8E863366} = {8E394090-6647-49CE-B752-5F198F1381F5}
	EndGlobalSection
	GlobalSection(ExtensibilityGlobals) = postSolution
		SolutionGuid = {300139DC-7A87-4417-B1F3-A86F55A72E71}
	EndGlobalSection
EndGlobal
