
Microsoft Visual Studio Solution File, Format Version 12.00
# Visual Studio Version 17
VisualStudioVersion = 17.0.32112.339
MinimumVisualStudioVersion = 10.0.40219.1
Project("{2150E333-8FDC-42A3-9474-1A3956D46DE8}") = "桌面端", "桌面端", "{CECBB2F4-CA80-4B07-8171-0E71B5F172CD}"
EndProject
Project("{2150E333-8FDC-42A3-9474-1A3956D46DE8}") = "移动端", "移动端", "{CE122A74-9CE0-4EEB-B3F3-824EE67F9633}"
EndProject
Project("{2150E333-8FDC-42A3-9474-1A3956D46DE8}") = "云服端", "云服端", "{FB71A44A-6E12-4F30-8986-3F3BCD8F0D62}"
EndProject
Project("{2150E333-8FDC-42A3-9474-1A3956D46DE8}") = "启动项", "启动项", "{362B7DD0-D2C9-4DEF-9661-071A37C09044}"
EndProject
Project("{2150E333-8FDC-42A3-9474-1A3956D46DE8}") = "类库", "类库", "{067349A2-4A0C-4D52-91AE-7C019943F131}"
EndProject
Project("{2150E333-8FDC-42A3-9474-1A3956D46DE8}") = "资源及控件", "资源及控件", "{0F0DA9C5-B367-4919-A057-A03D591DDF3A}"
EndProject
Project("{2150E333-8FDC-42A3-9474-1A3956D46DE8}") = "启动项", "启动项", "{1E9D07CA-D81F-4436-899F-938BA81F0A48}"
EndProject
Project("{2150E333-8FDC-42A3-9474-1A3956D46DE8}") = "类库", "类库", "{11A163F5-B546-48DC-9E13-5C7A29D29E54}"
EndProject
Project("{2150E333-8FDC-42A3-9474-1A3956D46DE8}") = "资源及控件", "资源及控件", "{EBA3E1F7-893C-4F8B-AF1A-957D0E786A55}"
EndProject
Project("{2150E333-8FDC-42A3-9474-1A3956D46DE8}") = "类库", "类库", "{74CBE120-6464-4AF7-B6F4-ECB8853D144E}"
EndProject
Project("{2150E333-8FDC-42A3-9474-1A3956D46DE8}") = "启动项", "启动项", "{A3647A21-93A0-4461-8041-A203E10BB863}"
EndProject
Project("{2150E333-8FDC-42A3-9474-1A3956D46DE8}") = "混合端", "混合端", "{AF9A8862-490F-4A77-B567-1887A0233016}"
EndProject
Project("{2150E333-8FDC-42A3-9474-1A3956D46DE8}") = "启动项", "启动项", "{FBA6AF02-B372-4A84-A5EE-938C7858D4D7}"
EndProject
Project("{2150E333-8FDC-42A3-9474-1A3956D46DE8}") = "控件", "控件", "{B4AE0B49-DFB7-49AD-97D9-91B5DC1C1502}"
EndProject
Project("{9A19103F-16F7-4668-BE54-9A1E7A4F7556}") = "CandySugar.Mix.Controls", "MixPlatform\CandySugar.Mix.Controls\CandySugar.Mix.Controls.csproj", "{9F4BCA0B-F1FA-475C-B920-0EBB2D28F0E0}"
EndProject
Project("{9A19103F-16F7-4668-BE54-9A1E7A4F7556}") = "CandySugar.MixUI", "MixPlatform\CandySugar.MixUI\CandySugar.MixUI.csproj", "{2E723E16-6ACB-4994-81EF-7FE150D585D7}"
EndProject
Project("{9A19103F-16F7-4668-BE54-9A1E7A4F7556}") = "CandySugar.Xam.Common", "MobilePlatform\CandySugar.Xam.Common\CandySugar.Xam.Common.csproj", "{30E54E31-D3C2-4EEC-8EEC-213B381FABD6}"
EndProject
Project("{9A19103F-16F7-4668-BE54-9A1E7A4F7556}") = "CandySugar.Xam.Core", "MobilePlatform\CandySugar.Xam.Core\CandySugar.Xam.Core.csproj", "{F27E3CCF-DD13-44A6-9FA4-58A9DD712268}"
EndProject
Project("{9A19103F-16F7-4668-BE54-9A1E7A4F7556}") = "CandySugar.App", "MobilePlatform\CandySugar.App\CandySugar.App.csproj", "{BE4896B7-382D-4CC3-A3BE-01DF1BE45D74}"
EndProject
Project("{9A19103F-16F7-4668-BE54-9A1E7A4F7556}") = "CandySugar.App.Controls", "MobilePlatform\CandySugar.App.Controls\CandySugar.App.Controls.csproj", "{98FB0242-3742-4B81-A7AD-4E1AD0D5EBE3}"
EndProject
Project("{FAE04EC0-301F-11D3-BF4B-00C04F79EFBC}") = "CandySugar.Android", "MobilePlatform\CandySugar.Android\CandySugar.Android.csproj", "{AB171EBA-5E4D-422D-AF8C-1A1ED60F6B1A}"
EndProject
Project("{9A19103F-16F7-4668-BE54-9A1E7A4F7556}") = "CandySugar.Web.Core", "CloudPlatform\CandySugar.Web.Core\CandySugar.Web.Core.csproj", "{5C7B250A-6C69-4F75-8669-995B8D59433E}"
EndProject
Project("{9A19103F-16F7-4668-BE54-9A1E7A4F7556}") = "CandySugar.Web.Application", "CloudPlatform\CandySugar.Web.Application\CandySugar.Web.Application.csproj", "{2495F27D-5FDF-4DB7-9CDA-425F7CD1B6DE}"
EndProject
Project("{9A19103F-16F7-4668-BE54-9A1E7A4F7556}") = "CandySugar.Web", "CloudPlatform\CandySugar.Web\CandySugar.Web.csproj", "{686D53ED-4244-4D21-AFD8-0081452B326A}"
EndProject
Project("{9A19103F-16F7-4668-BE54-9A1E7A4F7556}") = "CandySugar.Common", "DesktopPlatform\CandySugar.Common\CandySugar.Common.csproj", "{E838E311-5C6E-4E54-83BC-91CF15B06014}"
EndProject
Project("{9A19103F-16F7-4668-BE54-9A1E7A4F7556}") = "CandySugar.Core", "DesktopPlatform\CandySugar.Core\CandySugar.Core.csproj", "{FF4F4E63-4E48-4A69-B1BA-D8C999368A53}"
EndProject
Project("{9A19103F-16F7-4668-BE54-9A1E7A4F7556}") = "CandySugar.Upgrade", "DesktopPlatform\CandySugar.Upgrade\CandySugar.Upgrade.csproj", "{C8D3DD7D-3353-41AE-B04D-36E3B858647E}"
EndProject
Project("{9A19103F-16F7-4668-BE54-9A1E7A4F7556}") = "CandySugar.Resource", "DesktopPlatform\CandySugar.Resource\CandySugar.Resource.csproj", "{6F5A3DA6-750D-442C-9714-397790D2831C}"
EndProject
Project("{9A19103F-16F7-4668-BE54-9A1E7A4F7556}") = "CandySugar.Controls", "DesktopPlatform\CandySugar.Controls\CandySugar.Controls.csproj", "{B83EA53D-3B9C-4DA0-A353-C77E09225E24}"
EndProject
Project("{9A19103F-16F7-4668-BE54-9A1E7A4F7556}") = "CandySugar.WPF", "DesktopPlatform\CandySugar.WPF\CandySugar.WPF.csproj", "{EEDDE569-AC6F-4E38-B010-B7C21B2B56DD}"
EndProject
Global
	GlobalSection(SolutionConfigurationPlatforms) = preSolution
		Debug|Any CPU = Debug|Any CPU
		Release|Any CPU = Release|Any CPU
	EndGlobalSection
	GlobalSection(ProjectConfigurationPlatforms) = postSolution
		{9F4BCA0B-F1FA-475C-B920-0EBB2D28F0E0}.Debug|Any CPU.ActiveCfg = Debug|Any CPU
		{9F4BCA0B-F1FA-475C-B920-0EBB2D28F0E0}.Debug|Any CPU.Build.0 = Debug|Any CPU
		{9F4BCA0B-F1FA-475C-B920-0EBB2D28F0E0}.Release|Any CPU.ActiveCfg = Release|Any CPU
		{9F4BCA0B-F1FA-475C-B920-0EBB2D28F0E0}.Release|Any CPU.Build.0 = Release|Any CPU
		{2E723E16-6ACB-4994-81EF-7FE150D585D7}.Debug|Any CPU.ActiveCfg = Debug|Any CPU
		{2E723E16-6ACB-4994-81EF-7FE150D585D7}.Debug|Any CPU.Build.0 = Debug|Any CPU
		{2E723E16-6ACB-4994-81EF-7FE150D585D7}.Release|Any CPU.ActiveCfg = Release|Any CPU
		{2E723E16-6ACB-4994-81EF-7FE150D585D7}.Release|Any CPU.Build.0 = Release|Any CPU
		{30E54E31-D3C2-4EEC-8EEC-213B381FABD6}.Debug|Any CPU.ActiveCfg = Debug|Any CPU
		{30E54E31-D3C2-4EEC-8EEC-213B381FABD6}.Debug|Any CPU.Build.0 = Debug|Any CPU
		{30E54E31-D3C2-4EEC-8EEC-213B381FABD6}.Release|Any CPU.ActiveCfg = Release|Any CPU
		{30E54E31-D3C2-4EEC-8EEC-213B381FABD6}.Release|Any CPU.Build.0 = Release|Any CPU
		{F27E3CCF-DD13-44A6-9FA4-58A9DD712268}.Debug|Any CPU.ActiveCfg = Debug|Any CPU
		{F27E3CCF-DD13-44A6-9FA4-58A9DD712268}.Debug|Any CPU.Build.0 = Debug|Any CPU
		{F27E3CCF-DD13-44A6-9FA4-58A9DD712268}.Release|Any CPU.ActiveCfg = Release|Any CPU
		{F27E3CCF-DD13-44A6-9FA4-58A9DD712268}.Release|Any CPU.Build.0 = Release|Any CPU
		{BE4896B7-382D-4CC3-A3BE-01DF1BE45D74}.Debug|Any CPU.ActiveCfg = Debug|Any CPU
		{BE4896B7-382D-4CC3-A3BE-01DF1BE45D74}.Debug|Any CPU.Build.0 = Debug|Any CPU
		{BE4896B7-382D-4CC3-A3BE-01DF1BE45D74}.Release|Any CPU.ActiveCfg = Release|Any CPU
		{BE4896B7-382D-4CC3-A3BE-01DF1BE45D74}.Release|Any CPU.Build.0 = Release|Any CPU
		{98FB0242-3742-4B81-A7AD-4E1AD0D5EBE3}.Debug|Any CPU.ActiveCfg = Debug|Any CPU
		{98FB0242-3742-4B81-A7AD-4E1AD0D5EBE3}.Debug|Any CPU.Build.0 = Debug|Any CPU
		{98FB0242-3742-4B81-A7AD-4E1AD0D5EBE3}.Release|Any CPU.ActiveCfg = Release|Any CPU
		{98FB0242-3742-4B81-A7AD-4E1AD0D5EBE3}.Release|Any CPU.Build.0 = Release|Any CPU
		{AB171EBA-5E4D-422D-AF8C-1A1ED60F6B1A}.Debug|Any CPU.ActiveCfg = Debug|Any CPU
		{AB171EBA-5E4D-422D-AF8C-1A1ED60F6B1A}.Debug|Any CPU.Build.0 = Debug|Any CPU
		{AB171EBA-5E4D-422D-AF8C-1A1ED60F6B1A}.Debug|Any CPU.Deploy.0 = Debug|Any CPU
		{AB171EBA-5E4D-422D-AF8C-1A1ED60F6B1A}.Release|Any CPU.ActiveCfg = Release|Any CPU
		{AB171EBA-5E4D-422D-AF8C-1A1ED60F6B1A}.Release|Any CPU.Build.0 = Release|Any CPU
		{AB171EBA-5E4D-422D-AF8C-1A1ED60F6B1A}.Release|Any CPU.Deploy.0 = Release|Any CPU
		{5C7B250A-6C69-4F75-8669-995B8D59433E}.Debug|Any CPU.ActiveCfg = Debug|Any CPU
		{5C7B250A-6C69-4F75-8669-995B8D59433E}.Debug|Any CPU.Build.0 = Debug|Any CPU
		{5C7B250A-6C69-4F75-8669-995B8D59433E}.Release|Any CPU.ActiveCfg = Release|Any CPU
		{5C7B250A-6C69-4F75-8669-995B8D59433E}.Release|Any CPU.Build.0 = Release|Any CPU
		{2495F27D-5FDF-4DB7-9CDA-425F7CD1B6DE}.Debug|Any CPU.ActiveCfg = Debug|Any CPU
		{2495F27D-5FDF-4DB7-9CDA-425F7CD1B6DE}.Debug|Any CPU.Build.0 = Debug|Any CPU
		{2495F27D-5FDF-4DB7-9CDA-425F7CD1B6DE}.Release|Any CPU.ActiveCfg = Release|Any CPU
		{2495F27D-5FDF-4DB7-9CDA-425F7CD1B6DE}.Release|Any CPU.Build.0 = Release|Any CPU
		{686D53ED-4244-4D21-AFD8-0081452B326A}.Debug|Any CPU.ActiveCfg = Debug|Any CPU
		{686D53ED-4244-4D21-AFD8-0081452B326A}.Debug|Any CPU.Build.0 = Debug|Any CPU
		{686D53ED-4244-4D21-AFD8-0081452B326A}.Release|Any CPU.ActiveCfg = Release|Any CPU
		{686D53ED-4244-4D21-AFD8-0081452B326A}.Release|Any CPU.Build.0 = Release|Any CPU
		{E838E311-5C6E-4E54-83BC-91CF15B06014}.Debug|Any CPU.ActiveCfg = Debug|Any CPU
		{E838E311-5C6E-4E54-83BC-91CF15B06014}.Debug|Any CPU.Build.0 = Debug|Any CPU
		{E838E311-5C6E-4E54-83BC-91CF15B06014}.Release|Any CPU.ActiveCfg = Release|Any CPU
		{E838E311-5C6E-4E54-83BC-91CF15B06014}.Release|Any CPU.Build.0 = Release|Any CPU
		{FF4F4E63-4E48-4A69-B1BA-D8C999368A53}.Debug|Any CPU.ActiveCfg = Debug|Any CPU
		{FF4F4E63-4E48-4A69-B1BA-D8C999368A53}.Debug|Any CPU.Build.0 = Debug|Any CPU
		{FF4F4E63-4E48-4A69-B1BA-D8C999368A53}.Release|Any CPU.ActiveCfg = Release|Any CPU
		{FF4F4E63-4E48-4A69-B1BA-D8C999368A53}.Release|Any CPU.Build.0 = Release|Any CPU
		{C8D3DD7D-3353-41AE-B04D-36E3B858647E}.Debug|Any CPU.ActiveCfg = Debug|Any CPU
		{C8D3DD7D-3353-41AE-B04D-36E3B858647E}.Debug|Any CPU.Build.0 = Debug|Any CPU
		{C8D3DD7D-3353-41AE-B04D-36E3B858647E}.Release|Any CPU.ActiveCfg = Release|Any CPU
		{C8D3DD7D-3353-41AE-B04D-36E3B858647E}.Release|Any CPU.Build.0 = Release|Any CPU
		{6F5A3DA6-750D-442C-9714-397790D2831C}.Debug|Any CPU.ActiveCfg = Debug|Any CPU
		{6F5A3DA6-750D-442C-9714-397790D2831C}.Debug|Any CPU.Build.0 = Debug|Any CPU
		{6F5A3DA6-750D-442C-9714-397790D2831C}.Release|Any CPU.ActiveCfg = Release|Any CPU
		{6F5A3DA6-750D-442C-9714-397790D2831C}.Release|Any CPU.Build.0 = Release|Any CPU
		{B83EA53D-3B9C-4DA0-A353-C77E09225E24}.Debug|Any CPU.ActiveCfg = Debug|Any CPU
		{B83EA53D-3B9C-4DA0-A353-C77E09225E24}.Debug|Any CPU.Build.0 = Debug|Any CPU
		{B83EA53D-3B9C-4DA0-A353-C77E09225E24}.Release|Any CPU.ActiveCfg = Release|Any CPU
		{B83EA53D-3B9C-4DA0-A353-C77E09225E24}.Release|Any CPU.Build.0 = Release|Any CPU
		{EEDDE569-AC6F-4E38-B010-B7C21B2B56DD}.Debug|Any CPU.ActiveCfg = Debug|Any CPU
		{EEDDE569-AC6F-4E38-B010-B7C21B2B56DD}.Debug|Any CPU.Build.0 = Debug|Any CPU
		{EEDDE569-AC6F-4E38-B010-B7C21B2B56DD}.Release|Any CPU.ActiveCfg = Release|Any CPU
		{EEDDE569-AC6F-4E38-B010-B7C21B2B56DD}.Release|Any CPU.Build.0 = Release|Any CPU
	EndGlobalSection
	GlobalSection(SolutionProperties) = preSolution
		HideSolutionNode = FALSE
	EndGlobalSection
	GlobalSection(NestedProjects) = preSolution
		{362B7DD0-D2C9-4DEF-9661-071A37C09044} = {CECBB2F4-CA80-4B07-8171-0E71B5F172CD}
		{067349A2-4A0C-4D52-91AE-7C019943F131} = {CECBB2F4-CA80-4B07-8171-0E71B5F172CD}
		{0F0DA9C5-B367-4919-A057-A03D591DDF3A} = {CECBB2F4-CA80-4B07-8171-0E71B5F172CD}
		{1E9D07CA-D81F-4436-899F-938BA81F0A48} = {CE122A74-9CE0-4EEB-B3F3-824EE67F9633}
		{11A163F5-B546-48DC-9E13-5C7A29D29E54} = {CE122A74-9CE0-4EEB-B3F3-824EE67F9633}
		{EBA3E1F7-893C-4F8B-AF1A-957D0E786A55} = {CE122A74-9CE0-4EEB-B3F3-824EE67F9633}
		{74CBE120-6464-4AF7-B6F4-ECB8853D144E} = {FB71A44A-6E12-4F30-8986-3F3BCD8F0D62}
		{A3647A21-93A0-4461-8041-A203E10BB863} = {FB71A44A-6E12-4F30-8986-3F3BCD8F0D62}
		{FBA6AF02-B372-4A84-A5EE-938C7858D4D7} = {AF9A8862-490F-4A77-B567-1887A0233016}
		{B4AE0B49-DFB7-49AD-97D9-91B5DC1C1502} = {AF9A8862-490F-4A77-B567-1887A0233016}
		{9F4BCA0B-F1FA-475C-B920-0EBB2D28F0E0} = {B4AE0B49-DFB7-49AD-97D9-91B5DC1C1502}
		{2E723E16-6ACB-4994-81EF-7FE150D585D7} = {FBA6AF02-B372-4A84-A5EE-938C7858D4D7}
		{30E54E31-D3C2-4EEC-8EEC-213B381FABD6} = {11A163F5-B546-48DC-9E13-5C7A29D29E54}
		{F27E3CCF-DD13-44A6-9FA4-58A9DD712268} = {11A163F5-B546-48DC-9E13-5C7A29D29E54}
		{BE4896B7-382D-4CC3-A3BE-01DF1BE45D74} = {EBA3E1F7-893C-4F8B-AF1A-957D0E786A55}
		{98FB0242-3742-4B81-A7AD-4E1AD0D5EBE3} = {EBA3E1F7-893C-4F8B-AF1A-957D0E786A55}
		{AB171EBA-5E4D-422D-AF8C-1A1ED60F6B1A} = {1E9D07CA-D81F-4436-899F-938BA81F0A48}
		{5C7B250A-6C69-4F75-8669-995B8D59433E} = {74CBE120-6464-4AF7-B6F4-ECB8853D144E}
		{2495F27D-5FDF-4DB7-9CDA-425F7CD1B6DE} = {74CBE120-6464-4AF7-B6F4-ECB8853D144E}
		{686D53ED-4244-4D21-AFD8-0081452B326A} = {A3647A21-93A0-4461-8041-A203E10BB863}
		{E838E311-5C6E-4E54-83BC-91CF15B06014} = {067349A2-4A0C-4D52-91AE-7C019943F131}
		{FF4F4E63-4E48-4A69-B1BA-D8C999368A53} = {067349A2-4A0C-4D52-91AE-7C019943F131}
		{C8D3DD7D-3353-41AE-B04D-36E3B858647E} = {362B7DD0-D2C9-4DEF-9661-071A37C09044}
		{6F5A3DA6-750D-442C-9714-397790D2831C} = {0F0DA9C5-B367-4919-A057-A03D591DDF3A}
		{B83EA53D-3B9C-4DA0-A353-C77E09225E24} = {0F0DA9C5-B367-4919-A057-A03D591DDF3A}
		{EEDDE569-AC6F-4E38-B010-B7C21B2B56DD} = {362B7DD0-D2C9-4DEF-9661-071A37C09044}
	EndGlobalSection
	GlobalSection(ExtensibilityGlobals) = postSolution
		SolutionGuid = {DBDAE5C3-9B93-4701-ADAB-60C595626BE6}
	EndGlobalSection
EndGlobal
