
Microsoft Visual Studio Solution File, Format Version 12.00
# Visual Studio Version 17
VisualStudioVersion = 17.0.32112.339
MinimumVisualStudioVersion = 10.0.40219.1
Project("{2150E333-8FDC-42A3-9474-1A3956D46DE8}") = "桌面端", "桌面端", "{CECBB2F4-CA80-4B07-8171-0E71B5F172CD}"
EndProject
Project("{2150E333-8FDC-42A3-9474-1A3956D46DE8}") = "混合端", "混合端", "{B3568D81-E0B2-4698-868C-D7F34B47DE6F}"
EndProject
Project("{2150E333-8FDC-42A3-9474-1A3956D46DE8}") = "移动端", "移动端", "{CE122A74-9CE0-4EEB-B3F3-824EE67F9633}"
EndProject
Project("{2150E333-8FDC-42A3-9474-1A3956D46DE8}") = "云服端", "云服端", "{FB71A44A-6E12-4F30-8986-3F3BCD8F0D62}"
EndProject
Project("{9A19103F-16F7-4668-BE54-9A1E7A4F7556}") = "CandySugar.WPF", "桌面端\CandySugar.WPF\CandySugar.WPF.csproj", "{42577EB0-9FA1-4492-A3DF-A3699BD8342C}"
EndProject
Project("{2150E333-8FDC-42A3-9474-1A3956D46DE8}") = "启动项", "启动项", "{362B7DD0-D2C9-4DEF-9661-071A37C09044}"
EndProject
Project("{9A19103F-16F7-4668-BE54-9A1E7A4F7556}") = "CandySugar.Upgrade", "桌面端\CandySugar.Upgrade\CandySugar.Upgrade.csproj", "{0CFD1499-D058-4AEE-BE76-4D116A8AFA75}"
EndProject
Project("{2150E333-8FDC-42A3-9474-1A3956D46DE8}") = "类库", "类库", "{067349A2-4A0C-4D52-91AE-7C019943F131}"
EndProject
Project("{9A19103F-16F7-4668-BE54-9A1E7A4F7556}") = "CandySugar.Common", "桌面端\CandySugar.Common\CandySugar.Common.csproj", "{F9347D0F-0FCC-462D-ABBD-BFDFFBB6F731}"
EndProject
Project("{9A19103F-16F7-4668-BE54-9A1E7A4F7556}") = "CandySugar.Core", "桌面端\CandySugar.Core\CandySugar.Core.csproj", "{2E5D3AC9-5377-4540-9630-44F09E4E8707}"
EndProject
Project("{2150E333-8FDC-42A3-9474-1A3956D46DE8}") = "资源及控件", "资源及控件", "{0F0DA9C5-B367-4919-A057-A03D591DDF3A}"
EndProject
Project("{9A19103F-16F7-4668-BE54-9A1E7A4F7556}") = "CandySugar.Controls", "桌面端\CandySugar.Controls\CandySugar.Controls.csproj", "{C19DD091-CF0E-4E27-8648-5A65622D0433}"
EndProject
Project("{9A19103F-16F7-4668-BE54-9A1E7A4F7556}") = "CandySugar.Resource", "桌面端\CandySugar.Resource\CandySugar.Resource.csproj", "{0FBBECE3-ED0E-4FB0-9030-ACF6D28B8586}"
EndProject
Project("{2150E333-8FDC-42A3-9474-1A3956D46DE8}") = "启动项", "启动项", "{1E9D07CA-D81F-4436-899F-938BA81F0A48}"
EndProject
Project("{2150E333-8FDC-42A3-9474-1A3956D46DE8}") = "类库", "类库", "{11A163F5-B546-48DC-9E13-5C7A29D29E54}"
EndProject
Project("{2150E333-8FDC-42A3-9474-1A3956D46DE8}") = "资源及控件", "资源及控件", "{EBA3E1F7-893C-4F8B-AF1A-957D0E786A55}"
EndProject
Project("{9A19103F-16F7-4668-BE54-9A1E7A4F7556}") = "CandySugar.Xam.Common", "移动端\CandySugar.Xam.Common\CandySugar.Xam.Common.csproj", "{739C3EA3-9A90-4F30-8DED-F1765CAEB6FE}"
EndProject
Project("{9A19103F-16F7-4668-BE54-9A1E7A4F7556}") = "CandySugar.Xam.Core", "移动端\CandySugar.Xam.Core\CandySugar.Xam.Core.csproj", "{5FA4A3DC-9E39-49F7-A9B0-8FF013EF18B2}"
EndProject
Project("{9A19103F-16F7-4668-BE54-9A1E7A4F7556}") = "CandySugar.App", "移动端\CandySugar.App\CandySugar.App.csproj", "{67E237A7-B06C-49D8-B079-E2F49B71B8A0}"
EndProject
Project("{9A19103F-16F7-4668-BE54-9A1E7A4F7556}") = "CandySugar.App.Controls", "移动端\CandySugar.App.Controls\CandySugar.App.Controls.csproj", "{57795A86-9E9C-4BF7-809D-A64C11E6EDBB}"
EndProject
Project("{FAE04EC0-301F-11D3-BF4B-00C04F79EFBC}") = "CandySugar.Android", "移动端\CandySugar.Android\CandySugar.Android.csproj", "{AB171EBA-5E4D-422D-AF8C-1A1ED60F6B1A}"
EndProject
Project("{2150E333-8FDC-42A3-9474-1A3956D46DE8}") = "类库", "类库", "{74CBE120-6464-4AF7-B6F4-ECB8853D144E}"
EndProject
Project("{2150E333-8FDC-42A3-9474-1A3956D46DE8}") = "启动项", "启动项", "{A3647A21-93A0-4461-8041-A203E10BB863}"
EndProject
Project("{9A19103F-16F7-4668-BE54-9A1E7A4F7556}") = "CandySugar.Web", "云服端\CandySugar.Web\CandySugar.Web.csproj", "{002F086C-335D-481A-A30E-8190413E450A}"
EndProject
Project("{9A19103F-16F7-4668-BE54-9A1E7A4F7556}") = "CandySugar.Web.Application", "云服端\CandySugar.Web.Application\CandySugar.Web.Application.csproj", "{2CCB9A45-1CD3-44D4-B72D-81F607ADAFED}"
EndProject
Project("{9A19103F-16F7-4668-BE54-9A1E7A4F7556}") = "CandySugar.Web.Core", "云服端\CandySugar.Web.Core\CandySugar.Web.Core.csproj", "{54130723-F3F3-45D9-A298-014E029AE831}"
EndProject
Project("{2150E333-8FDC-42A3-9474-1A3956D46DE8}") = "启动项", "启动项", "{A940D104-2A78-4D45-BA82-5743AE88045D}"
EndProject
Project("{9A19103F-16F7-4668-BE54-9A1E7A4F7556}") = "CandySugar.MixUI", "混合端\CandySugar.MixUI\CandySugar.MixUI.csproj", "{0251F79C-4C92-4641-B55C-D503EA4F044B}"
EndProject
Global
	GlobalSection(SolutionConfigurationPlatforms) = preSolution
		Debug|Any CPU = Debug|Any CPU
		Release|Any CPU = Release|Any CPU
	EndGlobalSection
	GlobalSection(ProjectConfigurationPlatforms) = postSolution
		{42577EB0-9FA1-4492-A3DF-A3699BD8342C}.Debug|Any CPU.ActiveCfg = Debug|Any CPU
		{42577EB0-9FA1-4492-A3DF-A3699BD8342C}.Debug|Any CPU.Build.0 = Debug|Any CPU
		{42577EB0-9FA1-4492-A3DF-A3699BD8342C}.Release|Any CPU.ActiveCfg = Release|Any CPU
		{42577EB0-9FA1-4492-A3DF-A3699BD8342C}.Release|Any CPU.Build.0 = Release|Any CPU
		{0CFD1499-D058-4AEE-BE76-4D116A8AFA75}.Debug|Any CPU.ActiveCfg = Debug|Any CPU
		{0CFD1499-D058-4AEE-BE76-4D116A8AFA75}.Debug|Any CPU.Build.0 = Debug|Any CPU
		{0CFD1499-D058-4AEE-BE76-4D116A8AFA75}.Release|Any CPU.ActiveCfg = Release|Any CPU
		{0CFD1499-D058-4AEE-BE76-4D116A8AFA75}.Release|Any CPU.Build.0 = Release|Any CPU
		{F9347D0F-0FCC-462D-ABBD-BFDFFBB6F731}.Debug|Any CPU.ActiveCfg = Debug|Any CPU
		{F9347D0F-0FCC-462D-ABBD-BFDFFBB6F731}.Debug|Any CPU.Build.0 = Debug|Any CPU
		{F9347D0F-0FCC-462D-ABBD-BFDFFBB6F731}.Release|Any CPU.ActiveCfg = Release|Any CPU
		{F9347D0F-0FCC-462D-ABBD-BFDFFBB6F731}.Release|Any CPU.Build.0 = Release|Any CPU
		{2E5D3AC9-5377-4540-9630-44F09E4E8707}.Debug|Any CPU.ActiveCfg = Debug|Any CPU
		{2E5D3AC9-5377-4540-9630-44F09E4E8707}.Debug|Any CPU.Build.0 = Debug|Any CPU
		{2E5D3AC9-5377-4540-9630-44F09E4E8707}.Release|Any CPU.ActiveCfg = Release|Any CPU
		{2E5D3AC9-5377-4540-9630-44F09E4E8707}.Release|Any CPU.Build.0 = Release|Any CPU
		{C19DD091-CF0E-4E27-8648-5A65622D0433}.Debug|Any CPU.ActiveCfg = Debug|Any CPU
		{C19DD091-CF0E-4E27-8648-5A65622D0433}.Debug|Any CPU.Build.0 = Debug|Any CPU
		{C19DD091-CF0E-4E27-8648-5A65622D0433}.Release|Any CPU.ActiveCfg = Release|Any CPU
		{C19DD091-CF0E-4E27-8648-5A65622D0433}.Release|Any CPU.Build.0 = Release|Any CPU
		{0FBBECE3-ED0E-4FB0-9030-ACF6D28B8586}.Debug|Any CPU.ActiveCfg = Debug|Any CPU
		{0FBBECE3-ED0E-4FB0-9030-ACF6D28B8586}.Debug|Any CPU.Build.0 = Debug|Any CPU
		{0FBBECE3-ED0E-4FB0-9030-ACF6D28B8586}.Release|Any CPU.ActiveCfg = Release|Any CPU
		{0FBBECE3-ED0E-4FB0-9030-ACF6D28B8586}.Release|Any CPU.Build.0 = Release|Any CPU
		{739C3EA3-9A90-4F30-8DED-F1765CAEB6FE}.Debug|Any CPU.ActiveCfg = Debug|Any CPU
		{739C3EA3-9A90-4F30-8DED-F1765CAEB6FE}.Debug|Any CPU.Build.0 = Debug|Any CPU
		{739C3EA3-9A90-4F30-8DED-F1765CAEB6FE}.Release|Any CPU.ActiveCfg = Release|Any CPU
		{739C3EA3-9A90-4F30-8DED-F1765CAEB6FE}.Release|Any CPU.Build.0 = Release|Any CPU
		{5FA4A3DC-9E39-49F7-A9B0-8FF013EF18B2}.Debug|Any CPU.ActiveCfg = Debug|Any CPU
		{5FA4A3DC-9E39-49F7-A9B0-8FF013EF18B2}.Debug|Any CPU.Build.0 = Debug|Any CPU
		{5FA4A3DC-9E39-49F7-A9B0-8FF013EF18B2}.Release|Any CPU.ActiveCfg = Release|Any CPU
		{5FA4A3DC-9E39-49F7-A9B0-8FF013EF18B2}.Release|Any CPU.Build.0 = Release|Any CPU
		{67E237A7-B06C-49D8-B079-E2F49B71B8A0}.Debug|Any CPU.ActiveCfg = Debug|Any CPU
		{67E237A7-B06C-49D8-B079-E2F49B71B8A0}.Debug|Any CPU.Build.0 = Debug|Any CPU
		{67E237A7-B06C-49D8-B079-E2F49B71B8A0}.Release|Any CPU.ActiveCfg = Release|Any CPU
		{67E237A7-B06C-49D8-B079-E2F49B71B8A0}.Release|Any CPU.Build.0 = Release|Any CPU
		{57795A86-9E9C-4BF7-809D-A64C11E6EDBB}.Debug|Any CPU.ActiveCfg = Debug|Any CPU
		{57795A86-9E9C-4BF7-809D-A64C11E6EDBB}.Debug|Any CPU.Build.0 = Debug|Any CPU
		{57795A86-9E9C-4BF7-809D-A64C11E6EDBB}.Release|Any CPU.ActiveCfg = Release|Any CPU
		{57795A86-9E9C-4BF7-809D-A64C11E6EDBB}.Release|Any CPU.Build.0 = Release|Any CPU
		{AB171EBA-5E4D-422D-AF8C-1A1ED60F6B1A}.Debug|Any CPU.ActiveCfg = Debug|Any CPU
		{AB171EBA-5E4D-422D-AF8C-1A1ED60F6B1A}.Debug|Any CPU.Build.0 = Debug|Any CPU
		{AB171EBA-5E4D-422D-AF8C-1A1ED60F6B1A}.Debug|Any CPU.Deploy.0 = Debug|Any CPU
		{AB171EBA-5E4D-422D-AF8C-1A1ED60F6B1A}.Release|Any CPU.ActiveCfg = Release|Any CPU
		{AB171EBA-5E4D-422D-AF8C-1A1ED60F6B1A}.Release|Any CPU.Build.0 = Release|Any CPU
		{AB171EBA-5E4D-422D-AF8C-1A1ED60F6B1A}.Release|Any CPU.Deploy.0 = Release|Any CPU
		{002F086C-335D-481A-A30E-8190413E450A}.Debug|Any CPU.ActiveCfg = Debug|Any CPU
		{002F086C-335D-481A-A30E-8190413E450A}.Debug|Any CPU.Build.0 = Debug|Any CPU
		{002F086C-335D-481A-A30E-8190413E450A}.Release|Any CPU.ActiveCfg = Release|Any CPU
		{002F086C-335D-481A-A30E-8190413E450A}.Release|Any CPU.Build.0 = Release|Any CPU
		{2CCB9A45-1CD3-44D4-B72D-81F607ADAFED}.Debug|Any CPU.ActiveCfg = Debug|Any CPU
		{2CCB9A45-1CD3-44D4-B72D-81F607ADAFED}.Debug|Any CPU.Build.0 = Debug|Any CPU
		{2CCB9A45-1CD3-44D4-B72D-81F607ADAFED}.Release|Any CPU.ActiveCfg = Release|Any CPU
		{2CCB9A45-1CD3-44D4-B72D-81F607ADAFED}.Release|Any CPU.Build.0 = Release|Any CPU
		{54130723-F3F3-45D9-A298-014E029AE831}.Debug|Any CPU.ActiveCfg = Debug|Any CPU
		{54130723-F3F3-45D9-A298-014E029AE831}.Debug|Any CPU.Build.0 = Debug|Any CPU
		{54130723-F3F3-45D9-A298-014E029AE831}.Release|Any CPU.ActiveCfg = Release|Any CPU
		{54130723-F3F3-45D9-A298-014E029AE831}.Release|Any CPU.Build.0 = Release|Any CPU
		{0251F79C-4C92-4641-B55C-D503EA4F044B}.Debug|Any CPU.ActiveCfg = Debug|Any CPU
		{0251F79C-4C92-4641-B55C-D503EA4F044B}.Debug|Any CPU.Build.0 = Debug|Any CPU
		{0251F79C-4C92-4641-B55C-D503EA4F044B}.Debug|Any CPU.Deploy.0 = Debug|Any CPU
		{0251F79C-4C92-4641-B55C-D503EA4F044B}.Release|Any CPU.ActiveCfg = Release|Any CPU
		{0251F79C-4C92-4641-B55C-D503EA4F044B}.Release|Any CPU.Build.0 = Release|Any CPU
		{0251F79C-4C92-4641-B55C-D503EA4F044B}.Release|Any CPU.Deploy.0 = Release|Any CPU
	EndGlobalSection
	GlobalSection(SolutionProperties) = preSolution
		HideSolutionNode = FALSE
	EndGlobalSection
	GlobalSection(NestedProjects) = preSolution
		{42577EB0-9FA1-4492-A3DF-A3699BD8342C} = {362B7DD0-D2C9-4DEF-9661-071A37C09044}
		{362B7DD0-D2C9-4DEF-9661-071A37C09044} = {CECBB2F4-CA80-4B07-8171-0E71B5F172CD}
		{0CFD1499-D058-4AEE-BE76-4D116A8AFA75} = {362B7DD0-D2C9-4DEF-9661-071A37C09044}
		{067349A2-4A0C-4D52-91AE-7C019943F131} = {CECBB2F4-CA80-4B07-8171-0E71B5F172CD}
		{F9347D0F-0FCC-462D-ABBD-BFDFFBB6F731} = {067349A2-4A0C-4D52-91AE-7C019943F131}
		{2E5D3AC9-5377-4540-9630-44F09E4E8707} = {067349A2-4A0C-4D52-91AE-7C019943F131}
		{0F0DA9C5-B367-4919-A057-A03D591DDF3A} = {CECBB2F4-CA80-4B07-8171-0E71B5F172CD}
		{C19DD091-CF0E-4E27-8648-5A65622D0433} = {0F0DA9C5-B367-4919-A057-A03D591DDF3A}
		{0FBBECE3-ED0E-4FB0-9030-ACF6D28B8586} = {0F0DA9C5-B367-4919-A057-A03D591DDF3A}
		{1E9D07CA-D81F-4436-899F-938BA81F0A48} = {CE122A74-9CE0-4EEB-B3F3-824EE67F9633}
		{11A163F5-B546-48DC-9E13-5C7A29D29E54} = {CE122A74-9CE0-4EEB-B3F3-824EE67F9633}
		{EBA3E1F7-893C-4F8B-AF1A-957D0E786A55} = {CE122A74-9CE0-4EEB-B3F3-824EE67F9633}
		{739C3EA3-9A90-4F30-8DED-F1765CAEB6FE} = {11A163F5-B546-48DC-9E13-5C7A29D29E54}
		{5FA4A3DC-9E39-49F7-A9B0-8FF013EF18B2} = {11A163F5-B546-48DC-9E13-5C7A29D29E54}
		{67E237A7-B06C-49D8-B079-E2F49B71B8A0} = {EBA3E1F7-893C-4F8B-AF1A-957D0E786A55}
		{57795A86-9E9C-4BF7-809D-A64C11E6EDBB} = {EBA3E1F7-893C-4F8B-AF1A-957D0E786A55}
		{AB171EBA-5E4D-422D-AF8C-1A1ED60F6B1A} = {1E9D07CA-D81F-4436-899F-938BA81F0A48}
		{74CBE120-6464-4AF7-B6F4-ECB8853D144E} = {FB71A44A-6E12-4F30-8986-3F3BCD8F0D62}
		{A3647A21-93A0-4461-8041-A203E10BB863} = {FB71A44A-6E12-4F30-8986-3F3BCD8F0D62}
		{002F086C-335D-481A-A30E-8190413E450A} = {A3647A21-93A0-4461-8041-A203E10BB863}
		{2CCB9A45-1CD3-44D4-B72D-81F607ADAFED} = {74CBE120-6464-4AF7-B6F4-ECB8853D144E}
		{54130723-F3F3-45D9-A298-014E029AE831} = {74CBE120-6464-4AF7-B6F4-ECB8853D144E}
		{A940D104-2A78-4D45-BA82-5743AE88045D} = {B3568D81-E0B2-4698-868C-D7F34B47DE6F}
		{0251F79C-4C92-4641-B55C-D503EA4F044B} = {A940D104-2A78-4D45-BA82-5743AE88045D}
	EndGlobalSection
	GlobalSection(ExtensibilityGlobals) = postSolution
		SolutionGuid = {DBDAE5C3-9B93-4701-ADAB-60C595626BE6}
	EndGlobalSection
EndGlobal
